
Microsoft Visual Studio Solution File, Format Version 12.00
# Visual Studio Version 16
VisualStudioVersion = 16.0.29609.76
MinimumVisualStudioVersion = 10.0.40219.1
Project("{FAE04EC0-301F-11D3-BF4B-00C04F79EFBC}") = "BugTracker", "BugTracker.csproj", "{4331E7AE-0206-40BA-BD2D-7EB623D68728}"
EndProject
Global
	GlobalSection(SolutionConfigurationPlatforms) = preSolution
		Debug|Any CPU = Debug|Any CPU
		Release|Any CPU = Release|Any CPU
	EndGlobalSection
	GlobalSection(ProjectConfigurationPlatforms) = postSolution
		{4331E7AE-0206-40BA-BD2D-7EB623D68728}.Debug|Any CPU.ActiveCfg = Debug|Any CPU
		{4331E7AE-0206-40BA-BD2D-7EB623D68728}.Debug|Any CPU.Build.0 = Debug|Any CPU
		{4331E7AE-0206-40BA-BD2D-7EB623D68728}.Release|Any CPU.ActiveCfg = Release|Any CPU
		{4331E7AE-0206-40BA-BD2D-7EB623D68728}.Release|Any CPU.Build.0 = Release|Any CPU
	EndGlobalSection
	GlobalSection(SolutionProperties) = preSolution
		HideSolutionNode = FALSE
	EndGlobalSection
	GlobalSection(ExtensibilityGlobals) = postSolution
		SolutionGuid = {8921C03A-2175-4B5F-8444-B9239E60DA9B}
	EndGlobalSection
EndGlobal
